lockfileVersion: 5.4

specifiers:
  '@types/node': ^18.11.18
  '@types/react': ^18.0.26
  esbuild: ^0.16.5
  fs-extra: ^11.1.0
  monaco-editor: ^0.34.1

dependencies:
  monaco-editor: 0.34.1

devDependencies:
  '@types/node': 18.11.18
  '@types/react': 18.0.26
  esbuild: 0.16.5
  fs-extra: 11.1.0

packages:

  /@esbuild/android-arm/0.16.5:
    resolution: {integrity: sha512-eNkNuLSKpbZTH0BZklJ9B9Sml7fTIamhrQNBwftsEHCUuSLBVunzV3LfghryVGpE5lSkOwOfeX6gR6+3yLaEfQ==}
    engines: {node: '>=12'}
    cpu: [arm]
    os: [android]
    requiresBuild: true
    dev: true
    optional: true

  /@esbuild/android-arm64/0.16.5:
    resolution: {integrity: sha512-BCWkmAqFoW6xXzz6Up16bU0vdZqe23UxkrabbrmXXUuH27Tts3LVcHFCi/dGLYa6ZqC/txhtJm2kAJdoyOfHxg==}
    engines: {node: '>=12'}
    cpu: [arm64]
    os: [android]
    requiresBuild: true
    dev: true
    optional: true

  /@esbuild/android-x64/0.16.5:
    resolution: {integrity: sha512-E0R7d0dy9+QlpMps8gJXXhtfn+fQFaTXbq8kV2u/HfHyyhxr4nIIuXZCcYxxA9LSKnsFBBbSQIGDUVY9FGgx0w==}
    engines: {node: '>=12'}
    cpu: [x64]
    os: [android]
    requiresBuild: true
    dev: true
    optional: true

  /@esbuild/darwin-arm64/0.16.5:
    resolution: {integrity: sha512-4HlbUMy50cRaHGVriBjShs46WRPshtnVOqkxEGhEuDuJhgZ3regpWzaQxXOcDXFvVwue8RiqDAAcOi/QlVLE6Q==}
    engines: {node: '>=12'}
    cpu: [arm64]
    os: [darwin]
    requiresBuild: true
    dev: true
    optional: true

  /@esbuild/darwin-x64/0.16.5:
    resolution: {integrity: sha512-ZDCAxAPwbtKJ5YxRZusQKDFuywH+7YNKbilss0DCRPtXMxrKRZETcuSfcgIWGYBBc+ypdOazousx3yZss2Az0A==}
    engines: {node: '>=12'}
    cpu: [x64]
    os: [darwin]
    requiresBuild: true
    dev: true
    optional: true

  /@esbuild/freebsd-arm64/0.16.5:
    resolution: {integrity: sha512-w0dJ8om4KiagLCHURgwxXVWzi5xa0W7F5woMxzWO+LDCebrlyZUhCIbSXUKa4qD3XbdG7K4Y8N4mLDRMkZzMuw==}
    engines: {node: '>=12'}
    cpu: [arm64]
    os: [freebsd]
    requiresBuild: true
    dev: true
    optional: true

  /@esbuild/freebsd-x64/0.16.5:
    resolution: {integrity: sha512-qCdC0T7XUxngX8otO4nmPUE/cHZfvF8jk+GMr9qkAGP0nIMACD7t/AWoY2N5rsn5/dOJ1VKM/aMF4wCFBP5AqQ==}
    engines: {node: '>=12'}
    cpu: [x64]
    os: [freebsd]
    requiresBuild: true
    dev: true
    optional: true

  /@esbuild/linux-arm/0.16.5:
    resolution: {integrity: sha512-6crdpqwFjl+DObBgwaJMtB+VWrZd87Jy05gQTERysc1ujnUJNCJzemUcRDT5hM34dzTYThlXfFW32qQy9QpPGQ==}
    engines: {node: '>=12'}
    cpu: [arm]
    os: [linux]
    requiresBuild: true
    dev: true
    optional: true

  /@esbuild/linux-arm64/0.16.5:
    resolution: {integrity: sha512-h84QZmBhBdEclyxf9Wm/UESY6ITI7/gYLNvj/3emhDd0ILAqwHdWnMDmKqqubrMcpb1O4sWOYRm7EZ+Av8eGiQ==}
    engines: {node: '>=12'}
    cpu: [arm64]
    os: [linux]
    requiresBuild: true
    dev: true
    optional: true

  /@esbuild/linux-ia32/0.16.5:
    resolution: {integrity: sha512-P1WNzGqy6ipvbt8iNoYY66+qUANCiM80D8bGJIU8jqSZ613eG0lUWBePi4xQazcNgIi9tSiCa9Ba3f4krXtQDw==}
    engines: {node: '>=12'}
    cpu: [ia32]
    os: [linux]
    requiresBuild: true
    dev: true
    optional: true

  /@esbuild/linux-loong64/0.16.5:
    resolution: {integrity: sha512-r8wKqs+rl4gIT/xDB6CHMaYcvvyZ7tWf5LulH9NsDvgQEy3gIXQPR4Oy9tYrjM75uKkvBv1uw15Iz4EWsvve9Q==}
    engines: {node: '>=12'}
    cpu: [loong64]
    os: [linux]
    requiresBuild: true
    dev: true
    optional: true

  /@esbuild/linux-mips64el/0.16.5:
    resolution: {integrity: sha512-0WMhOlwfeeAp6KMx3E6LZKDN6INk4Me8dwIw1XMSFvmE6r31vRnwXkrQlAk5FI44KZ/rIi+yynRZqEd7UJAV2g==}
    engines: {node: '>=12'}
    cpu: [mips64el]
    os: [linux]
    requiresBuild: true
    dev: true
    optional: true

  /@esbuild/linux-ppc64/0.16.5:
    resolution: {integrity: sha512-29x+DtRGcYH0Sh3QSnoF+D2SYkHLxwx5AugoGLIlVtcVqDb4fEb654d67k9VcAR2RiTAYUZ764KXzWB+ItQfgw==}
    engines: {node: '>=12'}
    cpu: [ppc64]
    os: [linux]
    requiresBuild: true
    dev: true
    optional: true

  /@esbuild/linux-riscv64/0.16.5:
    resolution: {integrity: sha512-ZX4SSKOJUcuqFNDydfN4yCo9je9f1T72Pj+RLsAGRiuiREVCwRkXIBp810C01+MdPqYExp322kY78ISEq5XGLQ==}
    engines: {node: '>=12'}
    cpu: [riscv64]
    os: [linux]
    requiresBuild: true
    dev: true
    optional: true

  /@esbuild/linux-s390x/0.16.5:
    resolution: {integrity: sha512-pYY86RiLD1s5RN8q0aMhWD44NiHmAZxv2bSzaNlL63/ibWETld+m6F+MPh9+ZNOqGJw53E/0qHukYI5Lm+1k7A==}
    engines: {node: '>=12'}
    cpu: [s390x]
    os: [linux]
    requiresBuild: true
    dev: true
    optional: true

  /@esbuild/linux-x64/0.16.5:
    resolution: {integrity: sha512-vsOwzKN+4NenUTyuoWLmg5dAuO8JKuLD9MXSeENA385XucuOZbblmOMwwgPlHsgVRtSjz38riqPJU2ALI/CWYQ==}
    engines: {node: '>=12'}
    cpu: [x64]
    os: [linux]
    requiresBuild: true
    dev: true
    optional: true

  /@esbuild/netbsd-x64/0.16.5:
    resolution: {integrity: sha512-ZhfELxpZLXg7OidX9MrjgQNhjhYx3GXm59EAQVZds8GTyOOPj+Hg7ttKenlXoV8PZVkoCm0dgoWXzhasZJGfWw==}
    engines: {node: '>=12'}
    cpu: [x64]
    os: [netbsd]
    requiresBuild: true
    dev: true
    optional: true

  /@esbuild/openbsd-x64/0.16.5:
    resolution: {integrity: sha512-2HY2L0afN8IUgvxCAWY04bB6mhHSnC7YNGM2hmEkyAgP+n8jpZgGjiRokuk3AQ0g0IpX8h0KnS+xaznGEr5CGw==}
    engines: {node: '>=12'}
    cpu: [x64]
    os: [openbsd]
    requiresBuild: true
    dev: true
    optional: true

  /@esbuild/sunos-x64/0.16.5:
    resolution: {integrity: sha512-Q7+HbDnW52LLW8YIU5h0sYZ23TvaaC0vuwiIbJUa91Qr77NKNJCe8stfunN1TRZo+6OwGpM3MrdUcUVUfr5wuA==}
    engines: {node: '>=12'}
    cpu: [x64]
    os: [sunos]
    requiresBuild: true
    dev: true
    optional: true

  /@esbuild/win32-arm64/0.16.5:
    resolution: {integrity: sha512-KcegNS7IgLm/cAcjIW3kZyLiZi/p8I+A2a6OonDA77em9xHewdA2yTA+9pO4gr77MkXATcnDAFBrWw5oLHIZkQ==}
    engines: {node: '>=12'}
    cpu: [arm64]
    os: [win32]
    requiresBuild: true
    dev: true
    optional: true

  /@esbuild/win32-ia32/0.16.5:
    resolution: {integrity: sha512-ReUCJSzLNGH6WcvwjMzpEy2SX5GTZBeRTvCdklN4DT2YrgRIe82lYVikVHwA7fdiL3xHKvmdiicMqxE8QYmxrA==}
    engines: {node: '>=12'}
    cpu: [ia32]
    os: [win32]
    requiresBuild: true
    dev: true
    optional: true

  /@esbuild/win32-x64/0.16.5:
    resolution: {integrity: sha512-q00Jasz6/wCOD2XxRj4GEwj27u1zfpiBniL1ip3/YGGcYtvOoGKCNSS47sufO/8ixEgrSYDlkglSd6CxcS7m0g==}
    engines: {node: '>=12'}
    cpu: [x64]
    os: [win32]
    requiresBuild: true
    dev: true
    optional: true

  /@types/node/18.11.18:
    resolution: {integrity: sha512-DHQpWGjyQKSHj3ebjFI/wRKcqQcdR+MoFBygntYOZytCqNfkd2ZC4ARDJ2DQqhjH5p85Nnd3jhUJIXrszFX/JA==}
    dev: true

  /@types/prop-types/15.7.5:
    resolution: {integrity: sha512-JCB8C6SnDoQf0cNycqd/35A7MjcnK+ZTqE7judS6o7utxUCg6imJg3QK2qzHKszlTjcj2cn+NwMB2i96ubpj7w==}
    dev: true

  /@types/react/18.0.26:
    resolution: {integrity: sha512-hCR3PJQsAIXyxhTNSiDFY//LhnMZWpNNr5etoCqx/iUfGc5gXWtQR2Phl908jVR6uPXacojQWTg4qRpkxTuGug==}
    dependencies:
      '@types/prop-types': 15.7.5
      '@types/scheduler': 0.16.2
      csstype: 3.1.1
    dev: true

  /@types/scheduler/0.16.2:
    resolution: {integrity: sha512-hppQEBDmlwhFAXKJX2KnWLYu5yMfi91yazPb2l+lbJiwW+wdo1gNeRA+3RgNSO39WYX2euey41KEwnqesU2Jew==}
    dev: true

  /csstype/3.1.1:
    resolution: {integrity: sha512-DJR/VvkAvSZW9bTouZue2sSxDwdTN92uHjqeKVm+0dAqdfNykRzQ95tay8aXMBAAPpUiq4Qcug2L7neoRh2Egw==}
    dev: true

  /esbuild/0.16.5:
    resolution: {integrity: sha512-te0zG5CDzAxhnBKeddXUtK8xDnYL6jv100ekldhtUk0ALXPXcDAtuH0fAR7rbKwUdz3bOey6HVq2N+aWCKZ1cw==}
    engines: {node: '>=12'}
    hasBin: true
    requiresBuild: true
    optionalDependencies:
      '@esbuild/android-arm': 0.16.5
      '@esbuild/android-arm64': 0.16.5
      '@esbuild/android-x64': 0.16.5
      '@esbuild/darwin-arm64': 0.16.5
      '@esbuild/darwin-x64': 0.16.5
      '@esbuild/freebsd-arm64': 0.16.5
      '@esbuild/freebsd-x64': 0.16.5
      '@esbuild/linux-arm': 0.16.5
      '@esbuild/linux-arm64': 0.16.5
      '@esbuild/linux-ia32': 0.16.5
      '@esbuild/linux-loong64': 0.16.5
      '@esbuild/linux-mips64el': 0.16.5
      '@esbuild/linux-ppc64': 0.16.5
      '@esbuild/linux-riscv64': 0.16.5
      '@esbuild/linux-s390x': 0.16.5
      '@esbuild/linux-x64': 0.16.5
      '@esbuild/netbsd-x64': 0.16.5
      '@esbuild/openbsd-x64': 0.16.5
      '@esbuild/sunos-x64': 0.16.5
      '@esbuild/win32-arm64': 0.16.5
      '@esbuild/win32-ia32': 0.16.5
      '@esbuild/win32-x64': 0.16.5
    dev: true

  /fs-extra/11.1.0:
    resolution: {integrity: sha512-0rcTq621PD5jM/e0a3EJoGC/1TC5ZBCERW82LQuwfGnCa1V8w7dpYH1yNu+SLb6E5dkeCBzKEyLGlFrnr+dUyw==}
    engines: {node: '>=14.14'}
    dependencies:
      graceful-fs: 4.2.10
      jsonfile: 6.1.0
      universalify: 2.0.0
    dev: true

  /graceful-fs/4.2.10:
    resolution: {integrity: sha512-9ByhssR2fPVsNZj478qUUbKfmL0+t5BDVyjShtyZZLiK7ZDAArFFfopyOTj0M05wE2tJPisA4iTnnXl2YoPvOA==}
    dev: true

  /jsonfile/6.1.0:
    resolution: {integrity: sha512-5dgndWOriYSm5cnYaJNhalLNDKOqFwyDB/rr1E9ZsGciGvKPs8R2xYGCacuf3z6K1YKDz182fd+fY3cn3pMqXQ==}
    dependencies:
      universalify: 2.0.0
    optionalDependencies:
      graceful-fs: 4.2.10
    dev: true

  /monaco-editor/0.34.1:
    resolution: {integrity: sha512-FKc80TyiMaruhJKKPz5SpJPIjL+dflGvz4CpuThaPMc94AyN7SeC9HQ8hrvaxX7EyHdJcUY5i4D0gNyJj1vSZQ==}
    dev: false

  /universalify/2.0.0:
    resolution: {integrity: sha512-hAZsKq7Yy11Zu1DE0OzWjw7nnLZmJZYTDZZyEFHZdUhV8FkH5MCfoU1XMaxXovpyW5nq5scPqq0ZDP9Zyl04oQ==}
    engines: {node: '>= 10.0.0'}
    dev: true
